{
  "name": "example",
  "version": "1.0.0",
  "lockfileVersion": 3,
  "requires": true,
  "packages": {
    "": {
      "name": "example",
      "version": "1.0.0",
      "license": "ISC",
      "dependencies": {
        "@orzubek/envloader": "^0.0.1"
      }
    },
    "node_modules/@orzubek/envloader": {
      "version": "0.0.1",
      "resolved": "https://registry.npmjs.org/@orzubek/envloader/-/envloader-0.0.1.tgz",
      "integrity": "sha512-wy8aiJh7fr2IPm3Zswyv3HDpdfgF8j8xoZP76UGG/7Mn1uBMAJhw7bK6eWTTWpLQQucmND52O2AGvex8SCK6DQ=="
    }
  }
}
